
Microsoft Visual Studio Solution File, Format Version 12.00
# Visual Studio Version 17
VisualStudioVersion = 17.5.33530.505
MinimumVisualStudioVersion = 10.0.40219.1
Project("{FAE04EC0-301F-11D3-BF4B-00C04F79EFBC}") = "WebApplication3", "WebApplication3\WebApplication3.csproj", "{D54DBF3B-D6B6-41D2-ABE5-B7161AA35F9A}"
EndProject
Global
	GlobalSection(SolutionConfigurationPlatforms) = preSolution
		Debug|Any CPU = Debug|Any CPU
		Release|Any CPU = Release|Any CPU
	EndGlobalSection
	GlobalSection(ProjectConfigurationPlatforms) = postSolution
		{D54DBF3B-D6B6-41D2-ABE5-B7161AA35F9A}.Debug|Any CPU.ActiveCfg = Debug|Any CPU
		{D54DBF3B-D6B6-41D2-ABE5-B7161AA35F9A}.Debug|Any CPU.Build.0 = Debug|Any CPU
		{D54DBF3B-D6B6-41D2-ABE5-B7161AA35F9A}.Release|Any CPU.ActiveCfg = Release|Any CPU
		{D54DBF3B-D6B6-41D2-ABE5-B7161AA35F9A}.Release|Any CPU.Build.0 = Release|Any CPU
	EndGlobalSection
	GlobalSection(SolutionProperties) = preSolution
		HideSolutionNode = FALSE
	EndGlobalSection
	GlobalSection(ExtensibilityGlobals) = postSolution
		SolutionGuid = {FEF8A985-3DDA-4184-ACD7-30A49BF32C32}
	EndGlobalSection
EndGlobal
